<?xml version="1.0" encoding="utf-8"?>
<Project ToolsVersion="4.0" xmlns="http://schemas.microsoft.com/developer/msbuild/2003">
  <ItemGroup>
    <Filter Include="Source Files">
      <UniqueIdentifier>{4FC737F1-C7A5-4376-A066-2A32D752A2FF}</UniqueIdentifier>
      <Extensions>cpp;c;cc;cxx;c++;cppm;ixx;def;odl;idl;hpj;bat;asm;asmx</Extensions>
    </Filter>
    <Filter Include="Header Files">
      <UniqueIdentifier>{93995380-89BD-4b04-88EB-625FBE52EBFB}</UniqueIdentifier>
      <Extensions>h;hh;hpp;hxx;h++;hm;inl;inc;ipp;xsd</Extensions>
    </Filter>
    <Filter Include="Resource Files">
      <UniqueIdentifier>{67DA6AB6-F800-4c08-8B7A-83BB121AAD01}</UniqueIdentifier>
      <Extensions>rc;ico;cur;bmp;dlg;rc2;rct;bin;rgs;gif;jpg;jpeg;jpe;resx;tiff;tif;png;wav;mfcribbon-ms</Extensions>
    </Filter>
    <Filter Include="Source Files\Codility">
      <UniqueIdentifier>{0d39eaad-78cf-424a-b9f9-d3f9200274e9}</UniqueIdentifier>
    </Filter>
  </ItemGroup>
  <ItemGroup>
    <ClCompile Include="CodeKataCpp.cpp">
      <Filter>Source Files</Filter>
    </ClCompile>
    <ClCompile Include="Codility\Codility_E1_2015_Contest.cpp">
      <Filter>Source Files\Codility</Filter>
    </ClCompile>
    <ClCompile Include="Codility\Codility_L3_Time_Complexity.cpp">
      <Filter>Source Files\Codility</Filter>
    </ClCompile>
    <ClCompile Include="Codility\Codility_L4_Counting_Elements.cpp">
      <Filter>Source Files\Codility</Filter>
    </ClCompile>
    <ClCompile Include="Codility\Codility_L5_Prefix_Sums.cpp">
      <Filter>Source Files\Codility</Filter>
    </ClCompile>
    <ClCompile Include="Codility\Codility_L6_Sorting.cpp">
      <Filter>Source Files\Codility</Filter>
    </ClCompile>
    <ClCompile Include="Codility\Codility_L7_Stacks_and_Queues.cpp">
      <Filter>Source Files\Codility</Filter>
    </ClCompile>
    <ClCompile Include="Codility\Codility_L8_Leader.cpp">
      <Filter>Source Files\Codility</Filter>
    </ClCompile>
  </ItemGroup>
</Project>